// !$*UTF8*$!
{
	archiveVersion = 1;
	classes = {
	};
	objectVersion = 77;
	objects = {

/* Begin PBXBuildFile section */
		5C8BDFFF2ECEEC20008B451A /* SignupStep1View.swift in Sources */ = {isa = PBXBuildFile; fileRef = 5C8BDFFE2ECEEC20008B451A /* SignupStep1View.swift */; };
		5C8BE0012ECEEC25008B451A /* SignupStep2View.swift in Sources */ = {isa = PBXBuildFile; fileRef = 5C8BE0002ECEEC25008B451A /* SignupStep2View.swift */; };
		5C8BE0032ECEEC2E008B451A /* AccountInformationView.swift in Sources */ = {isa = PBXBuildFile; fileRef = 5C8BE0022ECEEC2E008B451A /* AccountInformationView.swift */; };
		5C8BE0052ECEEC34008B451A /* WelcomeScreenView.swift in Sources */ = {isa = PBXBuildFile; fileRef = 5C8BE0042ECEEC34008B451A /* WelcomeScreenView.swift */; };
		5C8BE0072ECEEC64008B451A /* SignupFlowView.swift in Sources */ = {isa = PBXBuildFile; fileRef = 5C8BE0062ECEEC64008B451A /* SignupFlowView.swift */; };
		5C919FA12ECD7D540054DE34 /* PermissionRequestView.swift in Sources */ = {isa = PBXBuildFile; fileRef = 5C919F8D2ECD7D540054DE34 /* PermissionRequestView.swift */; };
		5C919FA32ECD7D540054DE34 /* FirebaseService.swift in Sources */ = {isa = PBXBuildFile; fileRef = 5C919F942ECD7D540054DE34 /* FirebaseService.swift */; };
		5C919FA52ECD7D540054DE34 /* VirtualAssistantView.swift in Sources */ = {isa = PBXBuildFile; fileRef = 5C919F7A2ECD7D540054DE34 /* VirtualAssistantView.swift */; };
		5C919FA62ECD7D540054DE34 /* CreateEventView.swift in Sources */ = {isa = PBXBuildFile; fileRef = 5C919F822ECD7D540054DE34 /* CreateEventView.swift */; };
		5C919FA72ECD7D540054DE34 /* EventCard.swift in Sources */ = {isa = PBXBuildFile; fileRef = 5C919F7C2ECD7D540054DE34 /* EventCard.swift */; };
		5C919FA82ECD7D540054DE34 /* PreferenceSetupView.swift in Sources */ = {isa = PBXBuildFile; fileRef = 5C919F8E2ECD7D540054DE34 /* PreferenceSetupView.swift */; };
		5C919FA92ECD7D540054DE34 /* MatchProfileView.swift in Sources */ = {isa = PBXBuildFile; fileRef = 5C919F852ECD7D540054DE34 /* MatchProfileView.swift */; };
		5C919FAA2ECD7D540054DE34 /* GeminiService.swift in Sources */ = {isa = PBXBuildFile; fileRef = 5C919F952ECD7D540054DE34 /* GeminiService.swift */; };
		5C919FAB2ECD7D540054DE34 /* CalendarService.swift in Sources */ = {isa = PBXBuildFile; fileRef = 5C919F932ECD7D540054DE34 /* CalendarService.swift */; };
		5C919FAC2ECD7D540054DE34 /* AuthService.swift in Sources */ = {isa = PBXBuildFile; fileRef = 5C919F922ECD7D540054DE34 /* AuthService.swift */; };
		5C919FAD2ECD7D540054DE34 /* Match.swift in Sources */ = {isa = PBXBuildFile; fileRef = 5C919F892ECD7D540054DE34 /* Match.swift */; };
		5C919FAE2ECD7D540054DE34 /* MatchRow.swift in Sources */ = {isa = PBXBuildFile; fileRef = 5C919F7D2ECD7D540054DE34 /* MatchRow.swift */; };
		5C919FAF2ECD7D540054DE34 /* AppRootView.swift in Sources */ = {isa = PBXBuildFile; fileRef = 5C919F762ECD7D540054DE34 /* AppRootView.swift */; };
		5C919FB02ECD7D540054DE34 /* ScreenTimeService.swift in Sources */ = {isa = PBXBuildFile; fileRef = 5C919F972ECD7D540054DE34 /* ScreenTimeService.swift */; };
		5C919FB12ECD7D540054DE34 /* OnboardingFlowView.swift in Sources */ = {isa = PBXBuildFile; fileRef = 5C919F8C2ECD7D540054DE34 /* OnboardingFlowView.swift */; };
		5C919FB22ECD7D540054DE34 /* AIHackathonApp.swift in Sources */ = {isa = PBXBuildFile; fileRef = 5C919F752ECD7D540054DE34 /* AIHackathonApp.swift */; };
		5C919FB32ECD7D540054DE34 /* UserProfile.swift in Sources */ = {isa = PBXBuildFile; fileRef = 5C919F8A2ECD7D540054DE34 /* UserProfile.swift */; };
		5C919FB42ECD7D540054DE34 /* EventCalendarView.swift in Sources */ = {isa = PBXBuildFile; fileRef = 5C919F832ECD7D540054DE34 /* EventCalendarView.swift */; };
		5C919FB52ECD7D540054DE34 /* HealthKitService.swift in Sources */ = {isa = PBXBuildFile; fileRef = 5C919F962ECD7D540054DE34 /* HealthKitService.swift */; };
		5C919FB62ECD7D540054DE34 /* Event.swift in Sources */ = {isa = PBXBuildFile; fileRef = 5C919F882ECD7D540054DE34 /* Event.swift */; };
		5C919FB72ECD7D540054DE34 /* DateHelpers.swift in Sources */ = {isa = PBXBuildFile; fileRef = 5C919F9E2ECD7D540054DE34 /* DateHelpers.swift */; };
		5C919FB82ECD7D540054DE34 /* MetricCard.swift in Sources */ = {isa = PBXBuildFile; fileRef = 5C919F7E2ECD7D540054DE34 /* MetricCard.swift */; };
		5C919FB92ECD7D540054DE34 /* HomeDashboardView.swift in Sources */ = {isa = PBXBuildFile; fileRef = 5C919F802ECD7D540054DE34 /* HomeDashboardView.swift */; };
		5C919FBA2ECD7D540054DE34 /* MockData.swift in Sources */ = {isa = PBXBuildFile; fileRef = 5C919F9F2ECD7D540054DE34 /* MockData.swift */; };
		5C919FBB2ECD7D540054DE34 /* AppState.swift in Sources */ = {isa = PBXBuildFile; fileRef = 5C919F772ECD7D540054DE34 /* AppState.swift */; };
		5C919FBC2ECD7D540054DE34 /* StudentMatcherView.swift in Sources */ = {isa = PBXBuildFile; fileRef = 5C919F862ECD7D540054DE34 /* StudentMatcherView.swift */; };
		5C919FBD2ECD7D540054DE34 /* Assets.xcassets in Resources */ = {isa = PBXBuildFile; fileRef = 5C919F792ECD7D540054DE34 /* Assets.xcassets */; };
		5C919FBE2ECD7D540054DE34 /* project_details.json in Resources */ = {isa = PBXBuildFile; fileRef = 5C919F902ECD7D540054DE34 /* project_details.json */; };
		5C919FBF2ECD7D540054DE34 /* README.md in Resources */ = {isa = PBXBuildFile; fileRef = 5C919F912ECD7D540054DE34 /* README.md */; };
		5C919FC02ECD7D540054DE34 /* Assets.xcassets in Resources */ = {isa = PBXBuildFile; fileRef = 5C919F792ECD7D540054DE34 /* Assets.xcassets */; };
		5C919FC22ECD7D540054DE34 /* README.md in Resources */ = {isa = PBXBuildFile; fileRef = 5C919F912ECD7D540054DE34 /* README.md */; };
		5C919FC42ECD7D540054DE34 /* GeminiServiceTests.swift in Sources */ = {isa = PBXBuildFile; fileRef = 5C919F992ECD7D540054DE34 /* GeminiServiceTests.swift */; };
		5C919FC62ECD7D540054DE34 /* HomeDashboardSnapshotTests.swift in Sources */ = {isa = PBXBuildFile; fileRef = 5C919F9B2ECD7D540054DE34 /* HomeDashboardSnapshotTests.swift */; };
		5C919FF02ECD87E50054DE34 /* GeminiConfig.swift in Sources */ = {isa = PBXBuildFile; fileRef = 5C919FEE2ECD87E50054DE34 /* GeminiConfig.swift */; };
		5C919FF12ECD87E50054DE34 /* GeminiConfig.swift in Sources */ = {isa = PBXBuildFile; fileRef = 5C919FEE2ECD87E50054DE34 /* GeminiConfig.swift */; };
		5C919FF72ECD893E0054DE34 /* ChatMessage.swift in Sources */ = {isa = PBXBuildFile; fileRef = 5C919FF62ECD893E0054DE34 /* ChatMessage.swift */; };
		5C919FF92ECE2C900054DE34 /* GoogleService-Info.plist in Resources */ = {isa = PBXBuildFile; fileRef = 5C919FF82ECE2C900054DE34 /* GoogleService-Info.plist */; };
		5C919FFC2ECE2E7F0054DE34 /* FirebaseAuth in Frameworks */ = {isa = PBXBuildFile; productRef = 5C919FFB2ECE2E7F0054DE34 /* FirebaseAuth */; };
		5C919FFE2ECE2E7F0054DE34 /* FirebaseCore in Frameworks */ = {isa = PBXBuildFile; productRef = 5C919FFD2ECE2E7F0054DE34 /* FirebaseCore */; };
		5C91A0002ECE2E7F0054DE34 /* FirebaseFirestore in Frameworks */ = {isa = PBXBuildFile; productRef = 5C919FFF2ECE2E7F0054DE34 /* FirebaseFirestore */; };
		5C91A0022ECE2E7F0054DE34 /* FirebaseMessaging in Frameworks */ = {isa = PBXBuildFile; productRef = 5C91A0012ECE2E7F0054DE34 /* FirebaseMessaging */; };
		5C91A0042ECE2E7F0054DE34 /* FirebaseStorage in Frameworks */ = {isa = PBXBuildFile; productRef = 5C91A0032ECE2E7F0054DE34 /* FirebaseStorage */; };
		5C91A0062ED09A1C0054DE34 /* SignupView.swift in Sources */ = {isa = PBXBuildFile; fileRef = 5C91A0052ED09A1C0054DE34 /* SignupView.swift */; };
		5C91A00D2ED0C8750054DE34 /* LoginView.swift in Sources */ = {isa = PBXBuildFile; fileRef = 5C91A00C2ED0C8750054DE34 /* LoginView.swift */; };
		5C91A0102ECE484B0054DE34 /* BottomTabBar.swift in Sources */ = {isa = PBXBuildFile; fileRef = 5C91A00F2ECE484B0054DE34 /* BottomTabBar.swift */; };
		5C91A2402ED1FACE0054DE34 /* KeychainHelper.swift in Sources */ = {isa = PBXBuildFile; fileRef = 5C91A23F2ED1FACE0054DE34 /* KeychainHelper.swift */; };
		5CA95C992ECF9CFF005C9EE1 /* HeartRateSample.swift in Sources */ = {isa = PBXBuildFile; fileRef = 5CA95C982ECF9CFE005C9EE1 /* HeartRateSample.swift */; };
		5CA95C9F2ECFB05E005C9EE1 /* AddAssignmentView.swift in Sources */ = {isa = PBXBuildFile; fileRef = 5CA95C9D2ECFB05E005C9EE1 /* AddAssignmentView.swift */; };
		5CA95CA12ECFB06B005C9EE1 /* Assignment.swift in Sources */ = {isa = PBXBuildFile; fileRef = 5CA95CA02ECFB06B005C9EE1 /* Assignment.swift */; };
		5CA95CA52ECFB4CD005C9EE1 /* PermissionStorage.swift in Sources */ = {isa = PBXBuildFile; fileRef = 5CA95CA42ECFB4CD005C9EE1 /* PermissionStorage.swift */; };
		5CA95CA72ED01475005C9EE1 /* PostDetailView.swift in Sources */ = {isa = PBXBuildFile; fileRef = 5CA95CA62ED01475005C9EE1 /* PostDetailView.swift */; };
		5CA95CA92ED02CE1005C9EE1 /* MonthYearPicker.swift in Sources */ = {isa = PBXBuildFile; fileRef = 5CA95CA82ED02CE1005C9EE1 /* MonthYearPicker.swift */; };
		5CA95CAB2ED02D06005C9EE1 /* SchoolEventsNewsCard.swift in Sources */ = {isa = PBXBuildFile; fileRef = 5CA95CAA2ED02D06005C9EE1 /* SchoolEventsNewsCard.swift */; };
		5CA95CAD2ED02D4F005C9EE1 /* HourlyItineraryView.swift in Sources */ = {isa = PBXBuildFile; fileRef = 5CA95CAC2ED02D4F005C9EE1 /* HourlyItineraryView.swift */; };
		5CA95CAF2ED02DE2005C9EE1 /* AISuggestionsListView.swift in Sources */ = {isa = PBXBuildFile; fileRef = 5CA95CAE2ED02DE2005C9EE1 /* AISuggestionsListView.swift */; };
		5CA95CB12ED02DEF005C9EE1 /* CalendarSearchView.swift in Sources */ = {isa = PBXBuildFile; fileRef = 5CA95CB02ED02DEF005C9EE1 /* CalendarSearchView.swift */; };
		5CA95CB32ED0322A005C9EE1 /* StressForecast.swift in Sources */ = {isa = PBXBuildFile; fileRef = 5CA95CB22ED0322A005C9EE1 /* StressForecast.swift */; };
		5CA95CB52ED0352B005C9EE1 /* DailyReflectionView.swift in Sources */ = {isa = PBXBuildFile; fileRef = 5CA95CB42ED0352B005C9EE1 /* DailyReflectionView.swift */; };
		C347AE9B2ECEAFA3004A51E4 /* MonthCalendarView.swift in Sources */ = {isa = PBXBuildFile; fileRef = C347AE9A2ECEAFA3004A51E4 /* MonthCalendarView.swift */; };
		C347AE9D2ECEB6C4004A51E4 /* AIInsightCard.swift in Sources */ = {isa = PBXBuildFile; fileRef = C347AE9C2ECEB6C4004A51E4 /* AIInsightCard.swift */; };
		C347AE9F2ECEB754004A51E4 /* ActivityCard.swift in Sources */ = {isa = PBXBuildFile; fileRef = C347AE9E2ECEB754004A51E4 /* ActivityCard.swift */; };
		C347AEA12ECEB75D004A51E4 /* DashboardEventCard.swift in Sources */ = {isa = PBXBuildFile; fileRef = C347AEA02ECEB75D004A51E4 /* DashboardEventCard.swift */; };
		C347AEA52ECEB770004A51E4 /* MentalStateCard.swift in Sources */ = {isa = PBXBuildFile; fileRef = C347AEA42ECEB770004A51E4 /* MentalStateCard.swift */; };
		C347AEA72ECEB782004A51E4 /* MetricCard.swift in Sources */ = {isa = PBXBuildFile; fileRef = C347AEA62ECEB782004A51E4 /* MetricCard.swift */; };
		C37102792ECF6E89007915AF /* CalendarSuggestionCard.swift in Sources */ = {isa = PBXBuildFile; fileRef = C37102782ECF6E89007915AF /* CalendarSuggestionCard.swift */; };
		C37827732ECFDA8200E4D5C6 /* Post.swift in Sources */ = {isa = PBXBuildFile; fileRef = C37827722ECFDA8200E4D5C6 /* Post.swift */; };
		C37827752ECFDACB00E4D5C6 /* CreatePostView.swift in Sources */ = {isa = PBXBuildFile; fileRef = C37827742ECFDACB00E4D5C6 /* CreatePostView.swift */; };
		C37827772ECFDAD000E4D5C6 /* PeerSupportView.swift in Sources */ = {isa = PBXBuildFile; fileRef = C37827762ECFDAD000E4D5C6 /* PeerSupportView.swift */; };
		C378277E2ECFDC9A00E4D5C6 /* CreatePostView.swift in Sources */ = {isa = PBXBuildFile; fileRef = C378277B2ECFDC9A00E4D5C6 /* CreatePostView.swift */; };
		C378277F2ECFDC9A00E4D5C6 /* PeerSupportView.swift in Sources */ = {isa = PBXBuildFile; fileRef = C378277C2ECFDC9A00E4D5C6 /* PeerSupportView.swift */; };
		C37827812ECFE7D800E4D5C6 /* SchoolLogoView.swift in Sources */ = {isa = PBXBuildFile; fileRef = C37827802ECFE7D800E4D5C6 /* SchoolLogoView.swift */; };
		C37827832ECFE84200E4D5C6 /* SchoolBranding.swift in Sources */ = {isa = PBXBuildFile; fileRef = C37827822ECFE84200E4D5C6 /* SchoolBranding.swift */; };
		C37827852ECFEBC600E4D5C6 /* ProfileView.swift in Sources */ = {isa = PBXBuildFile; fileRef = C37827842ECFEBC600E4D5C6 /* ProfileView.swift */; };
		C3A0B0122ED17B0400A93F22 /* StressSample.swift in Sources */ = {isa = PBXBuildFile; fileRef = C3A0B0112ED17B0400A93F22 /* StressSample.swift */; };
		C3A0B0142ED17B0400A93F22 /* StressAnalysisService.swift in Sources */ = {isa = PBXBuildFile; fileRef = C3A0B0132ED17B0400A93F22 /* StressAnalysisService.swift */; };
		C3D4D1A72F0C8A8D00AB1234 /* Theme.swift in Sources */ = {isa = PBXBuildFile; fileRef = C3D4D1A62F0C8A8D00AB1234 /* Theme.swift */; };
/* End PBXBuildFile section */

/* Begin PBXContainerItemProxy section */
		5C919F6D2ECD64000054DE34 /* PBXContainerItemProxy */ = {
			isa = PBXContainerItemProxy;
			containerPortal = 5C919F092ECD61900054DE34 /* Project object */;
			proxyType = 1;
			remoteGlobalIDString = 5C919F102ECD61900054DE34;
			remoteInfo = AIHackathon;
		};
/* End PBXContainerItemProxy section */

/* Begin PBXFileReference section */
		5C8BDFCC2ECE93A0008B451A /* AIHackathon-Info.plist */ = {isa = PBXFileReference; lastKnownFileType = text.plist; path = "AIHackathon-Info.plist"; sourceTree = "<group>"; };
		5C8BDFCD2ECE9634008B451A /* AIHackathon.entitlements */ = {isa = PBXFileReference; lastKnownFileType = text.plist.entitlements; path = AIHackathon.entitlements; sourceTree = "<group>"; };
		5C8BDFFE2ECEEC20008B451A /* SignupStep1View.swift */ = {isa = PBXFileReference; lastKnownFileType = sourcecode.swift; path = SignupStep1View.swift; sourceTree = "<group>"; };
		5C8BE0002ECEEC25008B451A /* SignupStep2View.swift */ = {isa = PBXFileReference; lastKnownFileType = sourcecode.swift; path = SignupStep2View.swift; sourceTree = "<group>"; };
		5C8BE0022ECEEC2E008B451A /* AccountInformationView.swift */ = {isa = PBXFileReference; lastKnownFileType = sourcecode.swift; path = AccountInformationView.swift; sourceTree = "<group>"; };
		5C8BE0042ECEEC34008B451A /* WelcomeScreenView.swift */ = {isa = PBXFileReference; lastKnownFileType = sourcecode.swift; path = WelcomeScreenView.swift; sourceTree = "<group>"; };
		5C8BE0062ECEEC64008B451A /* SignupFlowView.swift */ = {isa = PBXFileReference; lastKnownFileType = sourcecode.swift; path = SignupFlowView.swift; sourceTree = "<group>"; };
		5C919F752ECD7D540054DE34 /* AIHackathonApp.swift */ = {isa = PBXFileReference; lastKnownFileType = sourcecode.swift; path = AIHackathonApp.swift; sourceTree = "<group>"; };
		5C919F762ECD7D540054DE34 /* AppRootView.swift */ = {isa = PBXFileReference; lastKnownFileType = sourcecode.swift; path = AppRootView.swift; sourceTree = "<group>"; };
		5C919F772ECD7D540054DE34 /* AppState.swift */ = {isa = PBXFileReference; lastKnownFileType = sourcecode.swift; path = AppState.swift; sourceTree = "<group>"; };
		5C919F792ECD7D540054DE34 /* Assets.xcassets */ = {isa = PBXFileReference; lastKnownFileType = folder.assetcatalog; path = Assets.xcassets; sourceTree = "<group>"; };
		5C919F7A2ECD7D540054DE34 /* VirtualAssistantView.swift */ = {isa = PBXFileReference; lastKnownFileType = sourcecode.swift; path = VirtualAssistantView.swift; sourceTree = "<group>"; };
		5C919F7C2ECD7D540054DE34 /* EventCard.swift */ = {isa = PBXFileReference; lastKnownFileType = sourcecode.swift; path = EventCard.swift; sourceTree = "<group>"; };
		5C919F7D2ECD7D540054DE34 /* MatchRow.swift */ = {isa = PBXFileReference; lastKnownFileType = sourcecode.swift; path = MatchRow.swift; sourceTree = "<group>"; };
		5C919F7E2ECD7D540054DE34 /* MetricCard.swift */ = {isa = PBXFileReference; lastKnownFileType = sourcecode.swift; path = MetricCard.swift; sourceTree = "<group>"; };
		5C919F802ECD7D540054DE34 /* HomeDashboardView.swift */ = {isa = PBXFileReference; lastKnownFileType = sourcecode.swift; path = HomeDashboardView.swift; sourceTree = "<group>"; };
		5C919F822ECD7D540054DE34 /* CreateEventView.swift */ = {isa = PBXFileReference; lastKnownFileType = sourcecode.swift; path = CreateEventView.swift; sourceTree = "<group>"; };
		5C919F832ECD7D540054DE34 /* EventCalendarView.swift */ = {isa = PBXFileReference; lastKnownFileType = sourcecode.swift; path = EventCalendarView.swift; sourceTree = "<group>"; };
		5C919F852ECD7D540054DE34 /* MatchProfileView.swift */ = {isa = PBXFileReference; lastKnownFileType = sourcecode.swift; path = MatchProfileView.swift; sourceTree = "<group>"; };
		5C919F862ECD7D540054DE34 /* StudentMatcherView.swift */ = {isa = PBXFileReference; lastKnownFileType = sourcecode.swift; path = StudentMatcherView.swift; sourceTree = "<group>"; };
		5C919F882ECD7D540054DE34 /* Event.swift */ = {isa = PBXFileReference; lastKnownFileType = sourcecode.swift; path = Event.swift; sourceTree = "<group>"; };
		5C919F892ECD7D540054DE34 /* Match.swift */ = {isa = PBXFileReference; lastKnownFileType = sourcecode.swift; path = Match.swift; sourceTree = "<group>"; };
		5C919F8A2ECD7D540054DE34 /* UserProfile.swift */ = {isa = PBXFileReference; lastKnownFileType = sourcecode.swift; path = UserProfile.swift; sourceTree = "<group>"; };
		5C919F8C2ECD7D540054DE34 /* OnboardingFlowView.swift */ = {isa = PBXFileReference; lastKnownFileType = sourcecode.swift; path = OnboardingFlowView.swift; sourceTree = "<group>"; };
		5C919F8D2ECD7D540054DE34 /* PermissionRequestView.swift */ = {isa = PBXFileReference; lastKnownFileType = sourcecode.swift; path = PermissionRequestView.swift; sourceTree = "<group>"; };
		5C919F8E2ECD7D540054DE34 /* PreferenceSetupView.swift */ = {isa = PBXFileReference; lastKnownFileType = sourcecode.swift; path = PreferenceSetupView.swift; sourceTree = "<group>"; };
		5C919F902ECD7D540054DE34 /* project_details.json */ = {isa = PBXFileReference; lastKnownFileType = text.json; path = project_details.json; sourceTree = "<group>"; };
		5C919F912ECD7D540054DE34 /* README.md */ = {isa = PBXFileReference; lastKnownFileType = net.daringfireball.markdown; path = README.md; sourceTree = "<group>"; };
		5C919F922ECD7D540054DE34 /* AuthService.swift */ = {isa = PBXFileReference; lastKnownFileType = sourcecode.swift; path = AuthService.swift; sourceTree = "<group>"; };
		5C919F932ECD7D540054DE34 /* CalendarService.swift */ = {isa = PBXFileReference; lastKnownFileType = sourcecode.swift; path = CalendarService.swift; sourceTree = "<group>"; };
		5C919F942ECD7D540054DE34 /* FirebaseService.swift */ = {isa = PBXFileReference; lastKnownFileType = sourcecode.swift; path = FirebaseService.swift; sourceTree = "<group>"; };
		5C919F952ECD7D540054DE34 /* GeminiService.swift */ = {isa = PBXFileReference; lastKnownFileType = sourcecode.swift; path = GeminiService.swift; sourceTree = "<group>"; };
		5C919F962ECD7D540054DE34 /* HealthKitService.swift */ = {isa = PBXFileReference; lastKnownFileType = sourcecode.swift; path = HealthKitService.swift; sourceTree = "<group>"; };
		5C919F972ECD7D540054DE34 /* ScreenTimeService.swift */ = {isa = PBXFileReference; lastKnownFileType = sourcecode.swift; path = ScreenTimeService.swift; sourceTree = "<group>"; };
		5C919F992ECD7D540054DE34 /* GeminiServiceTests.swift */ = {isa = PBXFileReference; lastKnownFileType = sourcecode.swift; path = GeminiServiceTests.swift; sourceTree = "<group>"; };
		5C919F9B2ECD7D540054DE34 /* HomeDashboardSnapshotTests.swift */ = {isa = PBXFileReference; lastKnownFileType = sourcecode.swift; path = HomeDashboardSnapshotTests.swift; sourceTree = "<group>"; };
		5C919F9E2ECD7D540054DE34 /* DateHelpers.swift */ = {isa = PBXFileReference; lastKnownFileType = sourcecode.swift; path = DateHelpers.swift; sourceTree = "<group>"; };
		5C919F9F2ECD7D540054DE34 /* MockData.swift */ = {isa = PBXFileReference; lastKnownFileType = sourcecode.swift; path = MockData.swift; sourceTree = "<group>"; };
		5C919FEE2ECD87E50054DE34 /* GeminiConfig.swift */ = {isa = PBXFileReference; lastKnownFileType = sourcecode.swift; path = GeminiConfig.swift; sourceTree = "<group>"; };
		5C919FF62ECD893E0054DE34 /* ChatMessage.swift */ = {isa = PBXFileReference; lastKnownFileType = sourcecode.swift; path = ChatMessage.swift; sourceTree = "<group>"; };
		5C919FF82ECE2C900054DE34 /* GoogleService-Info.plist */ = {isa = PBXFileReference; lastKnownFileType = text.plist.xml; path = "GoogleService-Info.plist"; sourceTree = "<group>"; };
		5C91A0052ED09A1C0054DE34 /* SignupView.swift */ = {isa = PBXFileReference; lastKnownFileType = sourcecode.swift; path = SignupView.swift; sourceTree = "<group>"; };
		5C91A00C2ED0C8750054DE34 /* LoginView.swift */ = {isa = PBXFileReference; lastKnownFileType = sourcecode.swift; path = LoginView.swift; sourceTree = "<group>"; };
		5C91A00D2ECE45B90054DE34 /* AIHackathon.app */ = {isa = PBXFileReference; explicitFileType = wrapper.application; includeInIndex = 0; path = AIHackathon.app; sourceTree = BUILT_PRODUCTS_DIR; };
		5C91A00E2ECE45B90054DE34 /* AIHackathonTests.xctest */ = {isa = PBXFileReference; explicitFileType = wrapper.cfbundle; includeInIndex = 0; path = AIHackathonTests.xctest; sourceTree = BUILT_PRODUCTS_DIR; };
		5C91A00F2ECE484B0054DE34 /* BottomTabBar.swift */ = {isa = PBXFileReference; lastKnownFileType = sourcecode.swift; path = BottomTabBar.swift; sourceTree = "<group>"; };
		5C91A23F2ED1FACE0054DE34 /* KeychainHelper.swift */ = {isa = PBXFileReference; lastKnownFileType = sourcecode.swift; path = KeychainHelper.swift; sourceTree = "<group>"; };
		5CA95C982ECF9CFE005C9EE1 /* HeartRateSample.swift */ = {isa = PBXFileReference; lastKnownFileType = sourcecode.swift; path = HeartRateSample.swift; sourceTree = "<group>"; };
		5CA95C9D2ECFB05E005C9EE1 /* AddAssignmentView.swift */ = {isa = PBXFileReference; lastKnownFileType = sourcecode.swift; path = AddAssignmentView.swift; sourceTree = "<group>"; };
		5CA95CA02ECFB06B005C9EE1 /* Assignment.swift */ = {isa = PBXFileReference; lastKnownFileType = sourcecode.swift; path = Assignment.swift; sourceTree = "<group>"; };
		5CA95CA42ECFB4CD005C9EE1 /* PermissionStorage.swift */ = {isa = PBXFileReference; lastKnownFileType = sourcecode.swift; path = PermissionStorage.swift; sourceTree = "<group>"; };
		5CA95CA62ED01475005C9EE1 /* PostDetailView.swift */ = {isa = PBXFileReference; lastKnownFileType = sourcecode.swift; path = PostDetailView.swift; sourceTree = "<group>"; };
		5CA95CA82ED02CE1005C9EE1 /* MonthYearPicker.swift */ = {isa = PBXFileReference; lastKnownFileType = sourcecode.swift; path = MonthYearPicker.swift; sourceTree = "<group>"; };
		5CA95CAA2ED02D06005C9EE1 /* SchoolEventsNewsCard.swift */ = {isa = PBXFileReference; lastKnownFileType = sourcecode.swift; path = SchoolEventsNewsCard.swift; sourceTree = "<group>"; };
		5CA95CAC2ED02D4F005C9EE1 /* HourlyItineraryView.swift */ = {isa = PBXFileReference; lastKnownFileType = sourcecode.swift; path = HourlyItineraryView.swift; sourceTree = "<group>"; };
		5CA95CAE2ED02DE2005C9EE1 /* AISuggestionsListView.swift */ = {isa = PBXFileReference; lastKnownFileType = sourcecode.swift; path = AISuggestionsListView.swift; sourceTree = "<group>"; };
		5CA95CB02ED02DEF005C9EE1 /* CalendarSearchView.swift */ = {isa = PBXFileReference; lastKnownFileType = sourcecode.swift; path = CalendarSearchView.swift; sourceTree = "<group>"; };
		5CA95CB22ED0322A005C9EE1 /* StressForecast.swift */ = {isa = PBXFileReference; lastKnownFileType = sourcecode.swift; path = StressForecast.swift; sourceTree = "<group>"; };
		5CA95CB42ED0352B005C9EE1 /* DailyReflectionView.swift */ = {isa = PBXFileReference; lastKnownFileType = sourcecode.swift; path = DailyReflectionView.swift; sourceTree = "<group>"; };
		C347AE9A2ECEAFA3004A51E4 /* MonthCalendarView.swift */ = {isa = PBXFileReference; lastKnownFileType = sourcecode.swift; path = MonthCalendarView.swift; sourceTree = "<group>"; };
		C347AE9C2ECEB6C4004A51E4 /* AIInsightCard.swift */ = {isa = PBXFileReference; lastKnownFileType = sourcecode.swift; path = AIInsightCard.swift; sourceTree = "<group>"; };
		C347AE9E2ECEB754004A51E4 /* ActivityCard.swift */ = {isa = PBXFileReference; lastKnownFileType = sourcecode.swift; path = ActivityCard.swift; sourceTree = "<group>"; };
		C347AEA02ECEB75D004A51E4 /* DashboardEventCard.swift */ = {isa = PBXFileReference; lastKnownFileType = sourcecode.swift; path = DashboardEventCard.swift; sourceTree = "<group>"; };
		C347AEA22ECEB767004A51E4 /* EventCard.swift */ = {isa = PBXFileReference; lastKnownFileType = sourcecode.swift; path = EventCard.swift; sourceTree = "<group>"; };
		C347AEA42ECEB770004A51E4 /* MentalStateCard.swift */ = {isa = PBXFileReference; lastKnownFileType = sourcecode.swift; path = MentalStateCard.swift; sourceTree = "<group>"; };
		C347AEA62ECEB782004A51E4 /* MetricCard.swift */ = {isa = PBXFileReference; lastKnownFileType = sourcecode.swift; path = MetricCard.swift; sourceTree = "<group>"; };
		C37102782ECF6E89007915AF /* CalendarSuggestionCard.swift */ = {isa = PBXFileReference; lastKnownFileType = sourcecode.swift; path = CalendarSuggestionCard.swift; sourceTree = "<group>"; };
		C37827722ECFDA8200E4D5C6 /* Post.swift */ = {isa = PBXFileReference; lastKnownFileType = sourcecode.swift; path = Post.swift; sourceTree = "<group>"; };
		C37827742ECFDACB00E4D5C6 /* CreatePostView.swift */ = {isa = PBXFileReference; lastKnownFileType = sourcecode.swift; path = CreatePostView.swift; sourceTree = "<group>"; };
		C37827762ECFDAD000E4D5C6 /* PeerSupportView.swift */ = {isa = PBXFileReference; lastKnownFileType = sourcecode.swift; path = PeerSupportView.swift; sourceTree = "<group>"; };
		C378277B2ECFDC9A00E4D5C6 /* CreatePostView.swift */ = {isa = PBXFileReference; lastKnownFileType = sourcecode.swift; path = CreatePostView.swift; sourceTree = "<group>"; };
		C378277C2ECFDC9A00E4D5C6 /* PeerSupportView.swift */ = {isa = PBXFileReference; lastKnownFileType = sourcecode.swift; path = PeerSupportView.swift; sourceTree = "<group>"; };
		C37827802ECFE7D800E4D5C6 /* SchoolLogoView.swift */ = {isa = PBXFileReference; lastKnownFileType = sourcecode.swift; path = SchoolLogoView.swift; sourceTree = "<group>"; };
		C37827822ECFE84200E4D5C6 /* SchoolBranding.swift */ = {isa = PBXFileReference; lastKnownFileType = sourcecode.swift; path = SchoolBranding.swift; sourceTree = "<group>"; };
		C37827842ECFEBC600E4D5C6 /* ProfileView.swift */ = {isa = PBXFileReference; lastKnownFileType = sourcecode.swift; path = ProfileView.swift; sourceTree = "<group>"; };
		C3A0B0112ED17B0400A93F22 /* StressSample.swift */ = {isa = PBXFileReference; lastKnownFileType = sourcecode.swift; path = StressSample.swift; sourceTree = "<group>"; };
		C3A0B0132ED17B0400A93F22 /* StressAnalysisService.swift */ = {isa = PBXFileReference; lastKnownFileType = sourcecode.swift; path = StressAnalysisService.swift; sourceTree = "<group>"; };
		C3D4D1A62F0C8A8D00AB1234 /* Theme.swift */ = {isa = PBXFileReference; lastKnownFileType = sourcecode.swift; path = Theme.swift; sourceTree = "<group>"; };
/* End PBXFileReference section */

/* Begin PBXFrameworksBuildPhase section */
		5C919F0E2ECD61900054DE34 /* Frameworks */ = {
			isa = PBXFrameworksBuildPhase;
			buildActionMask = 2147483647;
			files = (
				5C91A0022ECE2E7F0054DE34 /* FirebaseMessaging in Frameworks */,
				5C919FFE2ECE2E7F0054DE34 /* FirebaseCore in Frameworks */,
				5C919FFC2ECE2E7F0054DE34 /* FirebaseAuth in Frameworks */,
				5C91A0042ECE2E7F0054DE34 /* FirebaseStorage in Frameworks */,
				5C91A0002ECE2E7F0054DE34 /* FirebaseFirestore in Frameworks */,
			);
			runOnlyForDeploymentPostprocessing = 0;
		};
		5C919F662ECD64000054DE34 /* Frameworks */ = {
			isa = PBXFrameworksBuildPhase;
			buildActionMask = 2147483647;
			files = (
			);
			runOnlyForDeploymentPostprocessing = 0;
		};
/* End PBXFrameworksBuildPhase section */

/* Begin PBXGroup section */
		5C919F082ECD61900054DE34 = {
			isa = PBXGroup;
			children = (
				5C8BDFCD2ECE9634008B451A /* AIHackathon.entitlements */,
				5C8BDFCC2ECE93A0008B451A /* AIHackathon-Info.plist */,
				5C919F782ECD7D540054DE34 /* App */,
				5C919F792ECD7D540054DE34 /* Assets.xcassets */,
				5CA95C9E2ECFB05E005C9EE1 /* Assignments */,
				5C91A0072ED09A2C0054DE34 /* Auth */,
				5C919F7B2ECD7D540054DE34 /* Chat */,
				5C919F7F2ECD7D540054DE34 /* Components */,
				5C919F812ECD7D540054DE34 /* Dashboard */,
				5C919F842ECD7D540054DE34 /* Events */,
				5C919F872ECD7D540054DE34 /* Matcher */,
				5C919F8B2ECD7D540054DE34 /* Models */,
				5C919F8F2ECD7D540054DE34 /* Onboarding */,
				5C919F902ECD7D540054DE34 /* project_details.json */,
				5C919F912ECD7D540054DE34 /* README.md */,
				5C919F982ECD7D540054DE34 /* Services */,
				5C919F9D2ECD7D540054DE34 /* Tests */,
				5C919FA02ECD7D540054DE34 /* Utils */,
				5C919FEF2ECD87E50054DE34 /* Config */,
				5C91A00D2ECE45B90054DE34 /* AIHackathon.app */,
				5C91A00E2ECE45B90054DE34 /* AIHackathonTests.xctest */,
			);
			sourceTree = "<group>";
		};
		5C919F782ECD7D540054DE34 /* App */ = {
			isa = PBXGroup;
			children = (
				5C919FF82ECE2C900054DE34 /* GoogleService-Info.plist */,
				5C919F752ECD7D540054DE34 /* AIHackathonApp.swift */,
				5C919F762ECD7D540054DE34 /* AppRootView.swift */,
				5C919F772ECD7D540054DE34 /* AppState.swift */,
			);
			path = App;
			sourceTree = "<group>";
		};
		5C919F7B2ECD7D540054DE34 /* Chat */ = {
			isa = PBXGroup;
			children = (
				5C919F7A2ECD7D540054DE34 /* VirtualAssistantView.swift */,
				5CA95CB42ED0352B005C9EE1 /* DailyReflectionView.swift */,
			);
			path = Chat;
			sourceTree = "<group>";
		};
		5C919F7F2ECD7D540054DE34 /* Components */ = {
			isa = PBXGroup;
			children = (
				C347AEA62ECEB782004A51E4 /* MetricCard.swift */,
				C347AEA02ECEB75D004A51E4 /* DashboardEventCard.swift */,
				5C91A00F2ECE484B0054DE34 /* BottomTabBar.swift */,
				5C919F7C2ECD7D540054DE34 /* EventCard.swift */,
				5C919F7D2ECD7D540054DE34 /* MatchRow.swift */,
				5CA95CAC2ED02D4F005C9EE1 /* HourlyItineraryView.swift */,
				5C919F7E2ECD7D540054DE34 /* MetricCard.swift */,
				C347AE9A2ECEAFA3004A51E4 /* MonthCalendarView.swift */,
				C347AE9C2ECEB6C4004A51E4 /* AIInsightCard.swift */,
				C347AE9E2ECEB754004A51E4 /* ActivityCard.swift */,
				C347AEA22ECEB767004A51E4 /* EventCard.swift */,
				C347AEA42ECEB770004A51E4 /* MentalStateCard.swift */,
				5CA95CAA2ED02D06005C9EE1 /* SchoolEventsNewsCard.swift */,
				C37102782ECF6E89007915AF /* CalendarSuggestionCard.swift */,
				C37827802ECFE7D800E4D5C6 /* SchoolLogoView.swift */,
				5CA95CA82ED02CE1005C9EE1 /* MonthYearPicker.swift */,
			);
			path = Components;
			sourceTree = "<group>";
		};
		5C919F812ECD7D540054DE34 /* Dashboard */ = {
			isa = PBXGroup;
			children = (
				5C919F802ECD7D540054DE34 /* HomeDashboardView.swift */,
			);
			path = Dashboard;
			sourceTree = "<group>";
		};
		5C919F842ECD7D540054DE34 /* Events */ = {
			isa = PBXGroup;
			children = (
				5C919F822ECD7D540054DE34 /* CreateEventView.swift */,
				5CA95CB02ED02DEF005C9EE1 /* CalendarSearchView.swift */,
				5CA95CAE2ED02DE2005C9EE1 /* AISuggestionsListView.swift */,
				5C919F832ECD7D540054DE34 /* EventCalendarView.swift */,
			);
			path = Events;
			sourceTree = "<group>";
		};
		5C919F872ECD7D540054DE34 /* Matcher */ = {
			isa = PBXGroup;
			children = (
				5C919F852ECD7D540054DE34 /* MatchProfileView.swift */,
				5C919F862ECD7D540054DE34 /* StudentMatcherView.swift */,
			);
			path = Matcher;
			sourceTree = "<group>";
		};
		5C919F8B2ECD7D540054DE34 /* Models */ = {
			isa = PBXGroup;
			children = (
				5CA95CA02ECFB06B005C9EE1 /* Assignment.swift */,
				5C919F882ECD7D540054DE34 /* Event.swift */,
				5C919FF62ECD893E0054DE34 /* ChatMessage.swift */,
				5C919F892ECD7D540054DE34 /* Match.swift */,
				5C919F8A2ECD7D540054DE34 /* UserProfile.swift */,
				5CA95C982ECF9CFE005C9EE1 /* HeartRateSample.swift */,
				C37827722ECFDA8200E4D5C6 /* Post.swift */,
				C37827822ECFE84200E4D5C6 /* SchoolBranding.swift */,
				C3A0B0112ED17B0400A93F22 /* StressSample.swift */,
				5CA95CB22ED0322A005C9EE1 /* StressForecast.swift */,
			);
			path = Models;
			sourceTree = "<group>";
		};
		5C919F8F2ECD7D540054DE34 /* Onboarding */ = {
			isa = PBXGroup;
			children = (
				5C8BE0042ECEEC34008B451A /* WelcomeScreenView.swift */,
				5C919F8C2ECD7D540054DE34 /* OnboardingFlowView.swift */,
				5C919F8D2ECD7D540054DE34 /* PermissionRequestView.swift */,
				5C919F8E2ECD7D540054DE34 /* PreferenceSetupView.swift */,
			);
			path = Onboarding;
			sourceTree = "<group>";
		};
		5C919F982ECD7D540054DE34 /* Services */ = {
			isa = PBXGroup;
			children = (
				5C919F922ECD7D540054DE34 /* AuthService.swift */,
				5C919F932ECD7D540054DE34 /* CalendarService.swift */,
				5C919F942ECD7D540054DE34 /* FirebaseService.swift */,
				5C919F952ECD7D540054DE34 /* GeminiService.swift */,
				5C919F962ECD7D540054DE34 /* HealthKitService.swift */,
				5C919F972ECD7D540054DE34 /* ScreenTimeService.swift */,
				C3A0B0132ED17B0400A93F22 /* StressAnalysisService.swift */,
			);
			path = Services;
			sourceTree = "<group>";
		};
		5C919F9A2ECD7D540054DE34 /* Services */ = {
			isa = PBXGroup;
			children = (
				5C919F992ECD7D540054DE34 /* GeminiServiceTests.swift */,
			);
			path = Services;
			sourceTree = "<group>";
		};
		5C919F9C2ECD7D540054DE34 /* Views */ = {
			isa = PBXGroup;
			children = (
				5C919F9B2ECD7D540054DE34 /* HomeDashboardSnapshotTests.swift */,
			);
			path = Views;
			sourceTree = "<group>";
		};
		5C919F9D2ECD7D540054DE34 /* Tests */ = {
			isa = PBXGroup;
			children = (
				C378277D2ECFDC9A00E4D5C6 /* Views */,
				5C919F9A2ECD7D540054DE34 /* Services */,
				5C919F9C2ECD7D540054DE34 /* Views */,
			);
			path = Tests;
			sourceTree = "<group>";
		};
		5C919FA02ECD7D540054DE34 /* Utils */ = {
			isa = PBXGroup;
			children = (
				5C919F9E2ECD7D540054DE34 /* DateHelpers.swift */,
				5C919F9F2ECD7D540054DE34 /* MockData.swift */,
				5C91A23F2ED1FACE0054DE34 /* KeychainHelper.swift */,
				5CA95CA42ECFB4CD005C9EE1 /* PermissionStorage.swift */,
				C37827742ECFDACB00E4D5C6 /* CreatePostView.swift */,
				C37827762ECFDAD000E4D5C6 /* PeerSupportView.swift */,
				5CA95CA62ED01475005C9EE1 /* PostDetailView.swift */,
				C3D4D1A62F0C8A8D00AB1234 /* Theme.swift */,
			);
			path = Utils;
			sourceTree = "<group>";
		};
		5C919FEF2ECD87E50054DE34 /* Config */ = {
			isa = PBXGroup;
			children = (
				5C919FEE2ECD87E50054DE34 /* GeminiConfig.swift */,
			);
			path = Config;
			sourceTree = "<group>";
		};
		5C91A0072ED09A2C0054DE34 /* Auth */ = {
			isa = PBXGroup;
			children = (
				5C8BE0022ECEEC2E008B451A /* AccountInformationView.swift */,
				5C91A00C2ED0C8750054DE34 /* LoginView.swift */,
				5C8BE0062ECEEC64008B451A /* SignupFlowView.swift */,
				5C91A0052ED09A1C0054DE34 /* SignupView.swift */,
				5C8BDFFE2ECEEC20008B451A /* SignupStep1View.swift */,
				5C8BE0002ECEEC25008B451A /* SignupStep2View.swift */,
			);
			path = Auth;
			sourceTree = "<group>";
		};
		5CA95C9E2ECFB05E005C9EE1 /* Assignments */ = {
			isa = PBXGroup;
			children = (
				5CA95C9D2ECFB05E005C9EE1 /* AddAssignmentView.swift */,
			);
			path = Assignments;
			sourceTree = SOURCE_ROOT;
		};
		C378277D2ECFDC9A00E4D5C6 /* Views */ = {
			isa = PBXGroup;
			children = (
				C378277B2ECFDC9A00E4D5C6 /* CreatePostView.swift */,
				C378277C2ECFDC9A00E4D5C6 /* PeerSupportView.swift */,
				C37827842ECFEBC600E4D5C6 /* ProfileView.swift */,
			);
			path = Views;
			sourceTree = SOURCE_ROOT;
		};
/* End PBXGroup section */

/* Begin PBXNativeTarget section */
		5C919F102ECD61900054DE34 /* AIHackathon */ = {
			isa = PBXNativeTarget;
			buildConfigurationList = 5C919F1C2ECD61920054DE34 /* Build configuration list for PBXNativeTarget "AIHackathon" */;
			buildPhases = (
				5C919F0D2ECD61900054DE34 /* Sources */,
				5C919F0E2ECD61900054DE34 /* Frameworks */,
				5C919F0F2ECD61900054DE34 /* Resources */,
			);
			buildRules = (
			);
			dependencies = (
			);
			name = AIHackathon;
			packageProductDependencies = (
				5C919FFB2ECE2E7F0054DE34 /* FirebaseAuth */,
				5C919FFD2ECE2E7F0054DE34 /* FirebaseCore */,
				5C919FFF2ECE2E7F0054DE34 /* FirebaseFirestore */,
				5C91A0012ECE2E7F0054DE34 /* FirebaseMessaging */,
				5C91A0032ECE2E7F0054DE34 /* FirebaseStorage */,
			);
			productName = AIHackathon;
			productReference = 5C91A00D2ECE45B90054DE34 /* AIHackathon.app */;
			productType = "com.apple.product-type.application";
		};
		5C919F682ECD64000054DE34 /* AIHackathonTests */ = {
			isa = PBXNativeTarget;
			buildConfigurationList = 5C919F6F2ECD64000054DE34 /* Build configuration list for PBXNativeTarget "AIHackathonTests" */;
			buildPhases = (
				5C919F652ECD64000054DE34 /* Sources */,
				5C919F662ECD64000054DE34 /* Frameworks */,
				5C919F672ECD64000054DE34 /* Resources */,
			);
			buildRules = (
			);
			dependencies = (
				5C919F6E2ECD64000054DE34 /* PBXTargetDependency */,
			);
			name = AIHackathonTests;
			packageProductDependencies = (
			);
			productName = AIHackathonTests;
			productReference = 5C91A00E2ECE45B90054DE34 /* AIHackathonTests.xctest */;
			productType = "com.apple.product-type.bundle.unit-test";
		};
/* End PBXNativeTarget section */

/* Begin PBXProject section */
		5C919F092ECD61900054DE34 /* Project object */ = {
			isa = PBXProject;
			attributes = {
				BuildIndependentTargetsInParallel = 1;
				LastSwiftUpdateCheck = 2610;
				LastUpgradeCheck = 2610;
				TargetAttributes = {
					5C919F102ECD61900054DE34 = {
						CreatedOnToolsVersion = 26.1.1;
					};
					5C919F682ECD64000054DE34 = {
						CreatedOnToolsVersion = 26.1.1;
						TestTargetID = 5C919F102ECD61900054DE34;
					};
				};
			};
			buildConfigurationList = 5C919F0C2ECD61900054DE34 /* Build configuration list for PBXProject "AIHackathon" */;
			developmentRegion = en;
			hasScannedForEncodings = 0;
			knownRegions = (
				en,
				Base,
			);
			mainGroup = 5C919F082ECD61900054DE34;
			minimizedProjectReferenceProxies = 1;
			packageReferences = (
				5C919FFA2ECE2E7F0054DE34 /* XCRemoteSwiftPackageReference "firebase-ios-sdk" */,
			);
			preferredProjectObjectVersion = 77;
			productRefGroup = 5C919F082ECD61900054DE34;
			projectDirPath = "";
			projectRoot = "";
			targets = (
				5C919F102ECD61900054DE34 /* AIHackathon */,
				5C919F682ECD64000054DE34 /* AIHackathonTests */,
			);
		};
/* End PBXProject section */

/* Begin PBXResourcesBuildPhase section */
		5C919F0F2ECD61900054DE34 /* Resources */ = {
			isa = PBXResourcesBuildPhase;
			buildActionMask = 2147483647;
			files = (
				5C919FBD2ECD7D540054DE34 /* Assets.xcassets in Resources */,
				5C919FF92ECE2C900054DE34 /* GoogleService-Info.plist in Resources */,
				5C919FBE2ECD7D540054DE34 /* project_details.json in Resources */,
				5C919FBF2ECD7D540054DE34 /* README.md in Resources */,
			);
			runOnlyForDeploymentPostprocessing = 0;
		};
		5C919F672ECD64000054DE34 /* Resources */ = {
			isa = PBXResourcesBuildPhase;
			buildActionMask = 2147483647;
			files = (
				5C919FC02ECD7D540054DE34 /* Assets.xcassets in Resources */,
				5C919FC22ECD7D540054DE34 /* README.md in Resources */,
			);
			runOnlyForDeploymentPostprocessing = 0;
		};
/* End PBXResourcesBuildPhase section */

/* Begin PBXSourcesBuildPhase section */
		5C919F0D2ECD61900054DE34 /* Sources */ = {
			isa = PBXSourcesBuildPhase;
			buildActionMask = 2147483647;
			files = (
				5CA95CB32ED0322A005C9EE1 /* StressForecast.swift in Sources */,
				C3A0B0122ED17B0400A93F22 /* StressSample.swift in Sources */,
				C3A0B0142ED17B0400A93F22 /* StressAnalysisService.swift in Sources */,
				C37827772ECFDAD000E4D5C6 /* PeerSupportView.swift in Sources */,
				C347AEA72ECEB782004A51E4 /* MetricCard.swift in Sources */,
				C37827832ECFE84200E4D5C6 /* SchoolBranding.swift in Sources */,
				5C919FA12ECD7D540054DE34 /* PermissionRequestView.swift in Sources */,
				5C919FA32ECD7D540054DE34 /* FirebaseService.swift in Sources */,
				C37102792ECF6E89007915AF /* CalendarSuggestionCard.swift in Sources */,
				C37827732ECFDA8200E4D5C6 /* Post.swift in Sources */,
				5C919FA52ECD7D540054DE34 /* VirtualAssistantView.swift in Sources */,
				5C91A0062ED09A1C0054DE34 /* SignupView.swift in Sources */,
				5C91A00D2ED0C8750054DE34 /* LoginView.swift in Sources */,
				5CA95CB52ED0352B005C9EE1 /* DailyReflectionView.swift in Sources */,
				C37827752ECFDACB00E4D5C6 /* CreatePostView.swift in Sources */,
				5CA95CA72ED01475005C9EE1 /* PostDetailView.swift in Sources */,
				5CA95CA52ECFB4CD005C9EE1 /* PermissionStorage.swift in Sources */,
				C3D4D1A72F0C8A8D00AB1234 /* Theme.swift in Sources */,
				5C919FA62ECD7D540054DE34 /* CreateEventView.swift in Sources */,
				5CA95CB12ED02DEF005C9EE1 /* CalendarSearchView.swift in Sources */,
				5C919FA72ECD7D540054DE34 /* EventCard.swift in Sources */,
				C347AEA52ECEB770004A51E4 /* MentalStateCard.swift in Sources */,
				5C919FA82ECD7D540054DE34 /* PreferenceSetupView.swift in Sources */,
				5CA95C992ECF9CFF005C9EE1 /* HeartRateSample.swift in Sources */,
				5C919FA92ECD7D540054DE34 /* MatchProfileView.swift in Sources */,
				5CA95C9F2ECFB05E005C9EE1 /* AddAssignmentView.swift in Sources */,
				5C919FAA2ECD7D540054DE34 /* GeminiService.swift in Sources */,
				5C919FAB2ECD7D540054DE34 /* CalendarService.swift in Sources */,
				5C919FAC2ECD7D540054DE34 /* AuthService.swift in Sources */,
				5C8BE0072ECEEC64008B451A /* SignupFlowView.swift in Sources */,
				5C919FF12ECD87E50054DE34 /* GeminiConfig.swift in Sources */,
				C37827812ECFE7D800E4D5C6 /* SchoolLogoView.swift in Sources */,
				C347AE9B2ECEAFA3004A51E4 /* MonthCalendarView.swift in Sources */,
				5C919FAD2ECD7D540054DE34 /* Match.swift in Sources */,
				5C8BDFFF2ECEEC20008B451A /* SignupStep1View.swift in Sources */,
				C37827852ECFEBC600E4D5C6 /* ProfileView.swift in Sources */,
				5C91A0102ECE484B0054DE34 /* BottomTabBar.swift in Sources */,
				5CA95CA12ECFB06B005C9EE1 /* Assignment.swift in Sources */,
				5C919FAE2ECD7D540054DE34 /* MatchRow.swift in Sources */,
				5C919FAF2ECD7D540054DE34 /* AppRootView.swift in Sources */,
				C347AE9F2ECEB754004A51E4 /* ActivityCard.swift in Sources */,
				5C919FB02ECD7D540054DE34 /* ScreenTimeService.swift in Sources */,
				5C8BE0032ECEEC2E008B451A /* AccountInformationView.swift in Sources */,
				5C8BE0012ECEEC25008B451A /* SignupStep2View.swift in Sources */,
				5C8BE0052ECEEC34008B451A /* WelcomeScreenView.swift in Sources */,
				5CA95CAD2ED02D4F005C9EE1 /* HourlyItineraryView.swift in Sources */,
				5C919FB12ECD7D540054DE34 /* OnboardingFlowView.swift in Sources */,
				5C919FB22ECD7D540054DE34 /* AIHackathonApp.swift in Sources */,
				5C919FB32ECD7D540054DE34 /* UserProfile.swift in Sources */,
				5C919FB42ECD7D540054DE34 /* EventCalendarView.swift in Sources */,
				5CA95CA92ED02CE1005C9EE1 /* MonthYearPicker.swift in Sources */,
				5C919FB52ECD7D540054DE34 /* HealthKitService.swift in Sources */,
				5C919FB62ECD7D540054DE34 /* Event.swift in Sources */,
				C347AEA12ECEB75D004A51E4 /* DashboardEventCard.swift in Sources */,
				5C919FF72ECD893E0054DE34 /* ChatMessage.swift in Sources */,
				5C919FB72ECD7D540054DE34 /* DateHelpers.swift in Sources */,
				C347AE9D2ECEB6C4004A51E4 /* AIInsightCard.swift in Sources */,
				5C91A2402ED1FACE0054DE34 /* KeychainHelper.swift in Sources */,
				5C919FB82ECD7D540054DE34 /* MetricCard.swift in Sources */,
				5C919FB92ECD7D540054DE34 /* HomeDashboardView.swift in Sources */,
				5C919FBA2ECD7D540054DE34 /* MockData.swift in Sources */,
				5CA95CAF2ED02DE2005C9EE1 /* AISuggestionsListView.swift in Sources */,
				5C919FBB2ECD7D540054DE34 /* AppState.swift in Sources */,
				5CA95CAB2ED02D06005C9EE1 /* SchoolEventsNewsCard.swift in Sources */,
				5C919FBC2ECD7D540054DE34 /* StudentMatcherView.swift in Sources */,
			);
			runOnlyForDeploymentPostprocessing = 0;
		};
		5C919F652ECD64000054DE34 /* Sources */ = {
			isa = PBXSourcesBuildPhase;
			buildActionMask = 2147483647;
			files = (
				C378277E2ECFDC9A00E4D5C6 /* CreatePostView.swift in Sources */,
				C378277F2ECFDC9A00E4D5C6 /* PeerSupportView.swift in Sources */,
				5C919FC42ECD7D540054DE34 /* GeminiServiceTests.swift in Sources */,
				5C919FF02ECD87E50054DE34 /* GeminiConfig.swift in Sources */,
				5C919FC62ECD7D540054DE34 /* HomeDashboardSnapshotTests.swift in Sources */,
			);
			runOnlyForDeploymentPostprocessing = 0;
		};
/* End PBXSourcesBuildPhase section */

/* Begin PBXTargetDependency section */
		5C919F6E2ECD64000054DE34 /* PBXTargetDependency */ = {
			isa = PBXTargetDependency;
			target = 5C919F102ECD61900054DE34 /* AIHackathon */;
			targetProxy = 5C919F6D2ECD64000054DE34 /* PBXContainerItemProxy */;
		};
/* End PBXTargetDependency section */

/* Begin XCBuildConfiguration section */
		5C919F1A2ECD61920054DE34 /* Debug */ = {
			isa = XCBuildConfiguration;
			buildSettings = {
				ALWAYS_SEARCH_USER_PATHS = NO;
				ASSETCATALOG_COMPILER_GENERATE_SWIFT_ASSET_SYMBOL_EXTENSIONS = YES;
				CLANG_ANALYZER_NONNULL = YES;
				CLANG_ANALYZER_NUMBER_OBJECT_CONVERSION = YES_AGGRESSIVE;
				CLANG_CXX_LANGUAGE_STANDARD = "gnu++20";
				CLANG_ENABLE_MODULES = YES;
				CLANG_ENABLE_OBJC_ARC = YES;
				CLANG_ENABLE_OBJC_WEAK = YES;
				CLANG_WARN_BLOCK_CAPTURE_AUTORELEASING = YES;
				CLANG_WARN_BOOL_CONVERSION = YES;
				CLANG_WARN_COMMA = YES;
				CLANG_WARN_CONSTANT_CONVERSION = YES;
				CLANG_WARN_DEPRECATED_OBJC_IMPLEMENTATIONS = YES;
				CLANG_WARN_DIRECT_OBJC_ISA_USAGE = YES_ERROR;
				CLANG_WARN_DOCUMENTATION_COMMENTS = YES;
				CLANG_WARN_EMPTY_BODY = YES;
				CLANG_WARN_ENUM_CONVERSION = YES;
				CLANG_WARN_INFINITE_RECURSION = YES;
				CLANG_WARN_INT_CONVERSION = YES;
				CLANG_WARN_NON_LITERAL_NULL_CONVERSION = YES;
				CLANG_WARN_OBJC_IMPLICIT_RETAIN_SELF = YES;
				CLANG_WARN_OBJC_LITERAL_CONVERSION = YES;
				CLANG_WARN_OBJC_ROOT_CLASS = YES_ERROR;
				CLANG_WARN_QUOTED_INCLUDE_IN_FRAMEWORK_HEADER = YES;
				CLANG_WARN_RANGE_LOOP_ANALYSIS = YES;
				CLANG_WARN_STRICT_PROTOTYPES = YES;
				CLANG_WARN_SUSPICIOUS_MOVE = YES;
				CLANG_WARN_UNGUARDED_AVAILABILITY = YES_AGGRESSIVE;
				CLANG_WARN_UNREACHABLE_CODE = YES;
				CLANG_WARN__DUPLICATE_METHOD_MATCH = YES;
				COPY_PHASE_STRIP = NO;
				DEBUG_INFORMATION_FORMAT = dwarf;
				ENABLE_STRICT_OBJC_MSGSEND = YES;
				ENABLE_TESTABILITY = YES;
				ENABLE_USER_SCRIPT_SANDBOXING = YES;
				GCC_C_LANGUAGE_STANDARD = gnu17;
				GCC_DYNAMIC_NO_PIC = NO;
				GCC_NO_COMMON_BLOCKS = YES;
				GCC_OPTIMIZATION_LEVEL = 0;
				GCC_PREPROCESSOR_DEFINITIONS = (
					"DEBUG=1",
					"$(inherited)",
				);
				GCC_WARN_64_TO_32_BIT_CONVERSION = YES;
				GCC_WARN_ABOUT_RETURN_TYPE = YES_ERROR;
				GCC_WARN_UNDECLARED_SELECTOR = YES;
				GCC_WARN_UNINITIALIZED_AUTOS = YES_AGGRESSIVE;
				GCC_WARN_UNUSED_FUNCTION = YES;
				GCC_WARN_UNUSED_VARIABLE = YES;
				IPHONEOS_DEPLOYMENT_TARGET = 26.1;
				LOCALIZATION_PREFERS_STRING_CATALOGS = YES;
				MTL_ENABLE_DEBUG_INFO = INCLUDE_SOURCE;
				MTL_FAST_MATH = YES;
				ONLY_ACTIVE_ARCH = YES;
				SDKROOT = iphoneos;
				SWIFT_ACTIVE_COMPILATION_CONDITIONS = "DEBUG $(inherited)";
				SWIFT_OPTIMIZATION_LEVEL = "-Onone";
			};
			name = Debug;
		};
		5C919F1B2ECD61920054DE34 /* Release */ = {
			isa = XCBuildConfiguration;
			buildSettings = {
				ALWAYS_SEARCH_USER_PATHS = NO;
				ASSETCATALOG_COMPILER_GENERATE_SWIFT_ASSET_SYMBOL_EXTENSIONS = YES;
				CLANG_ANALYZER_NONNULL = YES;
				CLANG_ANALYZER_NUMBER_OBJECT_CONVERSION = YES_AGGRESSIVE;
				CLANG_CXX_LANGUAGE_STANDARD = "gnu++20";
				CLANG_ENABLE_MODULES = YES;
				CLANG_ENABLE_OBJC_ARC = YES;
				CLANG_ENABLE_OBJC_WEAK = YES;
				CLANG_WARN_BLOCK_CAPTURE_AUTORELEASING = YES;
				CLANG_WARN_BOOL_CONVERSION = YES;
				CLANG_WARN_COMMA = YES;
				CLANG_WARN_CONSTANT_CONVERSION = YES;
				CLANG_WARN_DEPRECATED_OBJC_IMPLEMENTATIONS = YES;
				CLANG_WARN_DIRECT_OBJC_ISA_USAGE = YES_ERROR;
				CLANG_WARN_DOCUMENTATION_COMMENTS = YES;
				CLANG_WARN_EMPTY_BODY = YES;
				CLANG_WARN_ENUM_CONVERSION = YES;
				CLANG_WARN_INFINITE_RECURSION = YES;
				CLANG_WARN_INT_CONVERSION = YES;
				CLANG_WARN_NON_LITERAL_NULL_CONVERSION = YES;
				CLANG_WARN_OBJC_IMPLICIT_RETAIN_SELF = YES;
				CLANG_WARN_OBJC_LITERAL_CONVERSION = YES;
				CLANG_WARN_OBJC_ROOT_CLASS = YES_ERROR;
				CLANG_WARN_QUOTED_INCLUDE_IN_FRAMEWORK_HEADER = YES;
				CLANG_WARN_RANGE_LOOP_ANALYSIS = YES;
				CLANG_WARN_STRICT_PROTOTYPES = YES;
				CLANG_WARN_SUSPICIOUS_MOVE = YES;
				CLANG_WARN_UNGUARDED_AVAILABILITY = YES_AGGRESSIVE;
				CLANG_WARN_UNREACHABLE_CODE = YES;
				CLANG_WARN__DUPLICATE_METHOD_MATCH = YES;
				COPY_PHASE_STRIP = NO;
				DEBUG_INFORMATION_FORMAT = "dwarf-with-dsym";
				ENABLE_NS_ASSERTIONS = NO;
				ENABLE_STRICT_OBJC_MSGSEND = YES;
				ENABLE_USER_SCRIPT_SANDBOXING = YES;
				GCC_C_LANGUAGE_STANDARD = gnu17;
				GCC_NO_COMMON_BLOCKS = YES;
				GCC_WARN_64_TO_32_BIT_CONVERSION = YES;
				GCC_WARN_ABOUT_RETURN_TYPE = YES_ERROR;
				GCC_WARN_UNDECLARED_SELECTOR = YES;
				GCC_WARN_UNINITIALIZED_AUTOS = YES_AGGRESSIVE;
				GCC_WARN_UNUSED_FUNCTION = YES;
				GCC_WARN_UNUSED_VARIABLE = YES;
				IPHONEOS_DEPLOYMENT_TARGET = 26.1;
				LOCALIZATION_PREFERS_STRING_CATALOGS = YES;
				MTL_ENABLE_DEBUG_INFO = NO;
				MTL_FAST_MATH = YES;
				SDKROOT = iphoneos;
				SWIFT_COMPILATION_MODE = wholemodule;
				VALIDATE_PRODUCT = YES;
			};
			name = Release;
		};
		5C919F1D2ECD61920054DE34 /* Debug */ = {
			isa = XCBuildConfiguration;
			buildSettings = {
				ASSETCATALOG_COMPILER_APPICON_NAME = AppIcon;
				ASSETCATALOG_COMPILER_GLOBAL_ACCENT_COLOR_NAME = AccentColor;
				CODE_SIGN_ENTITLEMENTS = AIHackathon.entitlements;
				CODE_SIGN_STYLE = Automatic;
				CURRENT_PROJECT_VERSION = 1;
				DEVELOPMENT_TEAM = W459MN44JQ;
				ENABLE_PREVIEWS = YES;
				GENERATE_INFOPLIST_FILE = YES;
				INFOPLIST_FILE = "AIHackathon-Info.plist";
				INFOPLIST_KEY_CFBundleDisplayName = AeQuus;
				INFOPLIST_KEY_NSCalendarsFullAccessUsageDescription = "We will use your Calendar information to help you manage deadlines and give personalized advice based on it.";
				INFOPLIST_KEY_NSFaceIDUsageDescription = "Allow login using Face ID to save users time.";
				INFOPLIST_KEY_NSHealthShareUsageDescription = "We analyze your heart rate via HealthKit to gauge stress levels and tailor mental-health guidance.";
				INFOPLIST_KEY_NSRemindersFullAccessUsageDescription = "Allow access to reminders to add reminders for assignments and updatees to personalize your experience.";
				INFOPLIST_KEY_UIApplicationSceneManifest_Generation = YES;
				INFOPLIST_KEY_UIApplicationSupportsIndirectInputEvents = YES;
				INFOPLIST_KEY_UILaunchScreen_Generation = YES;
				INFOPLIST_KEY_UISupportedInterfaceOrientations_iPad = "UIInterfaceOrientationPortrait UIInterfaceOrientationPortraitUpsideDown UIInterfaceOrientationLandscapeLeft UIInterfaceOrientationLandscapeRight";
				INFOPLIST_KEY_UISupportedInterfaceOrientations_iPhone = "UIInterfaceOrientationPortrait UIInterfaceOrientationLandscapeLeft UIInterfaceOrientationLandscapeRight";
				IPHONEOS_DEPLOYMENT_TARGET = 17.6;
				LD_RUNPATH_SEARCH_PATHS = (
					"$(inherited)",
					"@executable_path/Frameworks",
				);
				MARKETING_VERSION = 1.0;
				PRODUCT_BUNDLE_IDENTIFIER = com.hernan.AIHackathon;
				PRODUCT_NAME = "$(TARGET_NAME)";
				STRING_CATALOG_GENERATE_SYMBOLS = YES;
				SWIFT_APPROACHABLE_CONCURRENCY = YES;
				SWIFT_DEFAULT_ACTOR_ISOLATION = MainActor;
				SWIFT_EMIT_LOC_STRINGS = YES;
				SWIFT_UPCOMING_FEATURE_MEMBER_IMPORT_VISIBILITY = YES;
				SWIFT_VERSION = 5.0;
				TARGETED_DEVICE_FAMILY = "1,2";
			};
			name = Debug;
		};
		5C919F1E2ECD61920054DE34 /* Release */ = {
			isa = XCBuildConfiguration;
			buildSettings = {
				ASSETCATALOG_COMPILER_APPICON_NAME = AppIcon;
				ASSETCATALOG_COMPILER_GLOBAL_ACCENT_COLOR_NAME = AccentColor;
				CODE_SIGN_ENTITLEMENTS = AIHackathon.entitlements;
				CODE_SIGN_STYLE = Automatic;
				CURRENT_PROJECT_VERSION = 1;
				DEVELOPMENT_TEAM = W459MN44JQ;
				ENABLE_PREVIEWS = YES;
				GENERATE_INFOPLIST_FILE = YES;
				INFOPLIST_FILE = "AIHackathon-Info.plist";
				INFOPLIST_KEY_CFBundleDisplayName = AeQuus;
				INFOPLIST_KEY_NSCalendarsFullAccessUsageDescription = "We will use your Calendar information to help you manage deadlines and give personalized advice based on it.";
				INFOPLIST_KEY_NSFaceIDUsageDescription = "Allow login using Face ID to save users time.";
				INFOPLIST_KEY_NSHealthShareUsageDescription = "We analyze your heart rate via HealthKit to gauge stress levels and tailor mental-health guidance.";
				INFOPLIST_KEY_NSRemindersFullAccessUsageDescription = "Allow access to reminders to add reminders for assignments and updatees to personalize your experience.";
				INFOPLIST_KEY_UIApplicationSceneManifest_Generation = YES;
				INFOPLIST_KEY_UIApplicationSupportsIndirectInputEvents = YES;
				INFOPLIST_KEY_UILaunchScreen_Generation = YES;
				INFOPLIST_KEY_UISupportedInterfaceOrientations_iPad = "UIInterfaceOrientationPortrait UIInterfaceOrientationPortraitUpsideDown UIInterfaceOrientationLandscapeLeft UIInterfaceOrientationLandscapeRight";
				INFOPLIST_KEY_UISupportedInterfaceOrientations_iPhone = "UIInterfaceOrientationPortrait UIInterfaceOrientationLandscapeLeft UIInterfaceOrientationLandscapeRight";
				IPHONEOS_DEPLOYMENT_TARGET = 17.6;
				LD_RUNPATH_SEARCH_PATHS = (
					"$(inherited)",
					"@executable_path/Frameworks",
				);
				MARKETING_VERSION = 1.0;
				PRODUCT_BUNDLE_IDENTIFIER = com.hernan.AIHackathon;
				PRODUCT_NAME = "$(TARGET_NAME)";
				STRING_CATALOG_GENERATE_SYMBOLS = YES;
				SWIFT_APPROACHABLE_CONCURRENCY = YES;
				SWIFT_DEFAULT_ACTOR_ISOLATION = MainActor;
				SWIFT_EMIT_LOC_STRINGS = YES;
				SWIFT_UPCOMING_FEATURE_MEMBER_IMPORT_VISIBILITY = YES;
				SWIFT_VERSION = 5.0;
				TARGETED_DEVICE_FAMILY = "1,2";
			};
			name = Release;
		};
		5C919F702ECD64000054DE34 /* Debug */ = {
			isa = XCBuildConfiguration;
			buildSettings = {
				BUNDLE_LOADER = "$(TEST_HOST)";
				CODE_SIGN_STYLE = Automatic;
				CURRENT_PROJECT_VERSION = 1;
				DEVELOPMENT_TEAM = W38TS4Z2VF;
				GENERATE_INFOPLIST_FILE = YES;
				MARKETING_VERSION = 1.0;
				PRODUCT_BUNDLE_IDENTIFIER = com.hernan.AIHackathonTests;
				PRODUCT_NAME = "$(TARGET_NAME)";
				STRING_CATALOG_GENERATE_SYMBOLS = NO;
				SWIFT_APPROACHABLE_CONCURRENCY = YES;
				SWIFT_EMIT_LOC_STRINGS = NO;
				SWIFT_UPCOMING_FEATURE_MEMBER_IMPORT_VISIBILITY = YES;
				SWIFT_VERSION = 5.0;
				TARGETED_DEVICE_FAMILY = "1,2";
				TEST_HOST = "$(BUILT_PRODUCTS_DIR)/AIHackathon.app/$(BUNDLE_EXECUTABLE_FOLDER_PATH)/AIHackathon";
			};
			name = Debug;
		};
		5C919F712ECD64000054DE34 /* Release */ = {
			isa = XCBuildConfiguration;
			buildSettings = {
				BUNDLE_LOADER = "$(TEST_HOST)";
				CODE_SIGN_STYLE = Automatic;
				CURRENT_PROJECT_VERSION = 1;
				DEVELOPMENT_TEAM = W38TS4Z2VF;
				GENERATE_INFOPLIST_FILE = YES;
				MARKETING_VERSION = 1.0;
				PRODUCT_BUNDLE_IDENTIFIER = com.hernan.AIHackathonTests;
				PRODUCT_NAME = "$(TARGET_NAME)";
				STRING_CATALOG_GENERATE_SYMBOLS = NO;
				SWIFT_APPROACHABLE_CONCURRENCY = YES;
				SWIFT_EMIT_LOC_STRINGS = NO;
				SWIFT_UPCOMING_FEATURE_MEMBER_IMPORT_VISIBILITY = YES;
				SWIFT_VERSION = 5.0;
				TARGETED_DEVICE_FAMILY = "1,2";
				TEST_HOST = "$(BUILT_PRODUCTS_DIR)/AIHackathon.app/$(BUNDLE_EXECUTABLE_FOLDER_PATH)/AIHackathon";
			};
			name = Release;
		};
/* End XCBuildConfiguration section */

/* Begin XCConfigurationList section */
		5C919F0C2ECD61900054DE34 /* Build configuration list for PBXProject "AIHackathon" */ = {
			isa = XCConfigurationList;
			buildConfigurations = (
				5C919F1A2ECD61920054DE34 /* Debug */,
				5C919F1B2ECD61920054DE34 /* Release */,
			);
			defaultConfigurationIsVisible = 0;
			defaultConfigurationName = Release;
		};
		5C919F1C2ECD61920054DE34 /* Build configuration list for PBXNativeTarget "AIHackathon" */ = {
			isa = XCConfigurationList;
			buildConfigurations = (
				5C919F1D2ECD61920054DE34 /* Debug */,
				5C919F1E2ECD61920054DE34 /* Release */,
			);
			defaultConfigurationIsVisible = 0;
			defaultConfigurationName = Release;
		};
		5C919F6F2ECD64000054DE34 /* Build configuration list for PBXNativeTarget "AIHackathonTests" */ = {
			isa = XCConfigurationList;
			buildConfigurations = (
				5C919F702ECD64000054DE34 /* Debug */,
				5C919F712ECD64000054DE34 /* Release */,
			);
			defaultConfigurationIsVisible = 0;
			defaultConfigurationName = Release;
		};
/* End XCConfigurationList section */

/* Begin XCRemoteSwiftPackageReference section */
		5C919FFA2ECE2E7F0054DE34 /* XCRemoteSwiftPackageReference "firebase-ios-sdk" */ = {
			isa = XCRemoteSwiftPackageReference;
			repositoryURL = "https://github.com/firebase/firebase-ios-sdk";
			requirement = {
				kind = upToNextMajorVersion;
				minimumVersion = 12.6.0;
			};
		};
/* End XCRemoteSwiftPackageReference section */

/* Begin XCSwiftPackageProductDependency section */
		5C919FFB2ECE2E7F0054DE34 /* FirebaseAuth */ = {
			isa = XCSwiftPackageProductDependency;
			package = 5C919FFA2ECE2E7F0054DE34 /* XCRemoteSwiftPackageReference "firebase-ios-sdk" */;
			productName = FirebaseAuth;
		};
		5C919FFD2ECE2E7F0054DE34 /* FirebaseCore */ = {
			isa = XCSwiftPackageProductDependency;
			package = 5C919FFA2ECE2E7F0054DE34 /* XCRemoteSwiftPackageReference "firebase-ios-sdk" */;
			productName = FirebaseCore;
		};
		5C919FFF2ECE2E7F0054DE34 /* FirebaseFirestore */ = {
			isa = XCSwiftPackageProductDependency;
			package = 5C919FFA2ECE2E7F0054DE34 /* XCRemoteSwiftPackageReference "firebase-ios-sdk" */;
			productName = FirebaseFirestore;
		};
		5C91A0012ECE2E7F0054DE34 /* FirebaseMessaging */ = {
			isa = XCSwiftPackageProductDependency;
			package = 5C919FFA2ECE2E7F0054DE34 /* XCRemoteSwiftPackageReference "firebase-ios-sdk" */;
			productName = FirebaseMessaging;
		};
		5C91A0032ECE2E7F0054DE34 /* FirebaseStorage */ = {
			isa = XCSwiftPackageProductDependency;
			package = 5C919FFA2ECE2E7F0054DE34 /* XCRemoteSwiftPackageReference "firebase-ios-sdk" */;
			productName = FirebaseStorage;
		};
/* End XCSwiftPackageProductDependency section */
	};
	rootObject = 5C919F092ECD61900054DE34 /* Project object */;
}
